
Microsoft Visual Studio Solution File, Format Version 12.00
# Visual Studio Version 16
VisualStudioVersion = 16.0.31112.23
MinimumVisualStudioVersion = 10.0.40219.1
Project("{2150E333-8FDC-42A3-9474-1A3956D46DE8}") = "API", "API", "{AB712AE0-C6A2-465F-A18A-EAA73690E4CC}"
EndProject
Project("{FAE04EC0-301F-11D3-BF4B-00C04F79EFBC}") = "DataManager.Library", "DataManager.Library\DataManager.Library.csproj", "{8FE8AAA7-3EDF-44EB-AB32-707BCC12AA9A}"
EndProject
Project("{2150E333-8FDC-42A3-9474-1A3956D46DE8}") = "Database", "Database", "{1E3FD6A2-29A1-431B-AE91-CF4116011C11}"
EndProject
Project("{00D1A9C2-B5F0-4AF3-8072-F6C62B433612}") = "Data", "Data\Data.sqlproj", "{A1FEF30C-752E-470B-99F1-0EFCB199808C}"
EndProject
Project("{2150E333-8FDC-42A3-9474-1A3956D46DE8}") = "UI", "UI", "{D5F1BCB1-7EE3-4FD3-9F1F-C2EF1D0C5E75}"
EndProject
Project("{FAE04EC0-301F-11D3-BF4B-00C04F79EFBC}") = "ConsoleUI", "ConsoleUI\ConsoleUI.csproj", "{C8EA3C49-BF1D-4B76-B0DC-8D4875B909C9}"
EndProject
Project("{FAE04EC0-301F-11D3-BF4B-00C04F79EFBC}") = "DesktopUI", "DesktopUI\DesktopUI.csproj", "{53CED8BF-123A-4E0B-A0B8-D05BCAAAEA43}"
EndProject
Project("{2150E333-8FDC-42A3-9474-1A3956D46DE8}") = "Testing", "Testing", "{2822A77A-2889-44F2-92FA-8BBC1A2B8624}"
EndProject
Project("{2150E333-8FDC-42A3-9474-1A3956D46DE8}") = "API", "API", "{9CF2936B-C6C2-46E8-9500-4F022B23EB08}"
EndProject
Project("{FAE04EC0-301F-11D3-BF4B-00C04F79EFBC}") = "DataManager.Library.Tests", "DataManager.Library.Tests\DataManager.Library.Tests.csproj", "{FDAD6F5F-91FA-464E-A3D5-15867D057F1B}"
EndProject
Project("{FAE04EC0-301F-11D3-BF4B-00C04F79EFBC}") = "ConsoleForTesting", "ConsoleForTesting\ConsoleForTesting.csproj", "{298E045C-B406-4328-A515-96416A296E03}"
EndProject
Project("{FAE04EC0-301F-11D3-BF4B-00C04F79EFBC}") = "UI.Library", "UI.Library\UI.Library.csproj", "{EE02A554-D5DB-46E1-BF95-1E7E6FAB5854}"
EndProject
Project("{FAE04EC0-301F-11D3-BF4B-00C04F79EFBC}") = "BNRACDataManager", "BNRACDataManager\BNRACDataManager.csproj", "{7D897888-740A-4C36-82EE-DB1B4EBE2EC5}"
EndProject
Global
	GlobalSection(SolutionConfigurationPlatforms) = preSolution
		Debug|Any CPU = Debug|Any CPU
		Release|Any CPU = Release|Any CPU
	EndGlobalSection
	GlobalSection(ProjectConfigurationPlatforms) = postSolution
		{8FE8AAA7-3EDF-44EB-AB32-707BCC12AA9A}.Debug|Any CPU.ActiveCfg = Debug|Any CPU
		{8FE8AAA7-3EDF-44EB-AB32-707BCC12AA9A}.Debug|Any CPU.Build.0 = Debug|Any CPU
		{8FE8AAA7-3EDF-44EB-AB32-707BCC12AA9A}.Release|Any CPU.ActiveCfg = Release|Any CPU
		{8FE8AAA7-3EDF-44EB-AB32-707BCC12AA9A}.Release|Any CPU.Build.0 = Release|Any CPU
		{A1FEF30C-752E-470B-99F1-0EFCB199808C}.Debug|Any CPU.ActiveCfg = Debug|Any CPU
		{A1FEF30C-752E-470B-99F1-0EFCB199808C}.Debug|Any CPU.Build.0 = Debug|Any CPU
		{A1FEF30C-752E-470B-99F1-0EFCB199808C}.Debug|Any CPU.Deploy.0 = Debug|Any CPU
		{A1FEF30C-752E-470B-99F1-0EFCB199808C}.Release|Any CPU.ActiveCfg = Release|Any CPU
		{A1FEF30C-752E-470B-99F1-0EFCB199808C}.Release|Any CPU.Build.0 = Release|Any CPU
		{A1FEF30C-752E-470B-99F1-0EFCB199808C}.Release|Any CPU.Deploy.0 = Release|Any CPU
		{C8EA3C49-BF1D-4B76-B0DC-8D4875B909C9}.Debug|Any CPU.ActiveCfg = Debug|Any CPU
		{C8EA3C49-BF1D-4B76-B0DC-8D4875B909C9}.Debug|Any CPU.Build.0 = Debug|Any CPU
		{C8EA3C49-BF1D-4B76-B0DC-8D4875B909C9}.Release|Any CPU.ActiveCfg = Release|Any CPU
		{C8EA3C49-BF1D-4B76-B0DC-8D4875B909C9}.Release|Any CPU.Build.0 = Release|Any CPU
		{53CED8BF-123A-4E0B-A0B8-D05BCAAAEA43}.Debug|Any CPU.ActiveCfg = Debug|Any CPU
		{53CED8BF-123A-4E0B-A0B8-D05BCAAAEA43}.Debug|Any CPU.Build.0 = Debug|Any CPU
		{53CED8BF-123A-4E0B-A0B8-D05BCAAAEA43}.Release|Any CPU.ActiveCfg = Release|Any CPU
		{53CED8BF-123A-4E0B-A0B8-D05BCAAAEA43}.Release|Any CPU.Build.0 = Release|Any CPU
		{FDAD6F5F-91FA-464E-A3D5-15867D057F1B}.Debug|Any CPU.ActiveCfg = Debug|Any CPU
		{FDAD6F5F-91FA-464E-A3D5-15867D057F1B}.Debug|Any CPU.Build.0 = Debug|Any CPU
		{FDAD6F5F-91FA-464E-A3D5-15867D057F1B}.Release|Any CPU.ActiveCfg = Release|Any CPU
		{FDAD6F5F-91FA-464E-A3D5-15867D057F1B}.Release|Any CPU.Build.0 = Release|Any CPU
		{298E045C-B406-4328-A515-96416A296E03}.Debug|Any CPU.ActiveCfg = Debug|Any CPU
		{298E045C-B406-4328-A515-96416A296E03}.Debug|Any CPU.Build.0 = Debug|Any CPU
		{298E045C-B406-4328-A515-96416A296E03}.Release|Any CPU.ActiveCfg = Release|Any CPU
		{298E045C-B406-4328-A515-96416A296E03}.Release|Any CPU.Build.0 = Release|Any CPU
		{EE02A554-D5DB-46E1-BF95-1E7E6FAB5854}.Debug|Any CPU.ActiveCfg = Debug|Any CPU
		{EE02A554-D5DB-46E1-BF95-1E7E6FAB5854}.Debug|Any CPU.Build.0 = Debug|Any CPU
		{EE02A554-D5DB-46E1-BF95-1E7E6FAB5854}.Release|Any CPU.ActiveCfg = Release|Any CPU
		{EE02A554-D5DB-46E1-BF95-1E7E6FAB5854}.Release|Any CPU.Build.0 = Release|Any CPU
		{7D897888-740A-4C36-82EE-DB1B4EBE2EC5}.Debug|Any CPU.ActiveCfg = Debug|Any CPU
		{7D897888-740A-4C36-82EE-DB1B4EBE2EC5}.Debug|Any CPU.Build.0 = Debug|Any CPU
		{7D897888-740A-4C36-82EE-DB1B4EBE2EC5}.Release|Any CPU.ActiveCfg = Release|Any CPU
		{7D897888-740A-4C36-82EE-DB1B4EBE2EC5}.Release|Any CPU.Build.0 = Release|Any CPU
	EndGlobalSection
	GlobalSection(SolutionProperties) = preSolution
		HideSolutionNode = FALSE
	EndGlobalSection
	GlobalSection(NestedProjects) = preSolution
		{8FE8AAA7-3EDF-44EB-AB32-707BCC12AA9A} = {AB712AE0-C6A2-465F-A18A-EAA73690E4CC}
		{A1FEF30C-752E-470B-99F1-0EFCB199808C} = {1E3FD6A2-29A1-431B-AE91-CF4116011C11}
		{C8EA3C49-BF1D-4B76-B0DC-8D4875B909C9} = {D5F1BCB1-7EE3-4FD3-9F1F-C2EF1D0C5E75}
		{53CED8BF-123A-4E0B-A0B8-D05BCAAAEA43} = {D5F1BCB1-7EE3-4FD3-9F1F-C2EF1D0C5E75}
		{9CF2936B-C6C2-46E8-9500-4F022B23EB08} = {2822A77A-2889-44F2-92FA-8BBC1A2B8624}
		{FDAD6F5F-91FA-464E-A3D5-15867D057F1B} = {9CF2936B-C6C2-46E8-9500-4F022B23EB08}
		{298E045C-B406-4328-A515-96416A296E03} = {2822A77A-2889-44F2-92FA-8BBC1A2B8624}
		{EE02A554-D5DB-46E1-BF95-1E7E6FAB5854} = {D5F1BCB1-7EE3-4FD3-9F1F-C2EF1D0C5E75}
		{7D897888-740A-4C36-82EE-DB1B4EBE2EC5} = {AB712AE0-C6A2-465F-A18A-EAA73690E4CC}
	EndGlobalSection
	GlobalSection(ExtensibilityGlobals) = postSolution
		SolutionGuid = {10ED66E8-9BC1-4483-975F-5DADCC8C4EBB}
	EndGlobalSection
EndGlobal
